// !$*UTF8*$!
{
	archiveVersion = 1;
	classes = {
	};
	objectVersion = 46;
	objects = {

/* Begin PBXBuildFile section */
		11FB185FACFD311F8E7F1619 /* libPods-crashSample.a in Frameworks */ = {isa = PBXBuildFile; fileRef = B3E697FAAD2E76BD4709FC63 /* libPods-crashSample.a */; };
		658A6A0D1D8BDB1300EDE4F4 /* main.m in Sources */ = {isa = PBXBuildFile; fileRef = 658A6A0C1D8BDB1300EDE4F4 /* main.m */; };
		658A6A101D8BDB1300EDE4F4 /* AppDelegate.m in Sources */ = {isa = PBXBuildFile; fileRef = 658A6A0F1D8BDB1300EDE4F4 /* AppDelegate.m */; };
		658A6A131D8BDB1300EDE4F4 /* ViewController.m in Sources */ = {isa = PBXBuildFile; fileRef = 658A6A121D8BDB1300EDE4F4 /* ViewController.m */; };
		658A6A161D8BDB1300EDE4F4 /* Main.storyboard in Resources */ = {isa = PBXBuildFile; fileRef = 658A6A141D8BDB1300EDE4F4 /* Main.storyboard */; };
		658A6A181D8BDB1300EDE4F4 /* Assets.xcassets in Resources */ = {isa = PBXBuildFile; fileRef = 658A6A171D8BDB1300EDE4F4 /* Assets.xcassets */; };
		658A6A1B1D8BDB1300EDE4F4 /* LaunchScreen.storyboard in Resources */ = {isa = PBXBuildFile; fileRef = 658A6A191D8BDB1300EDE4F4 /* LaunchScreen.storyboard */; };
/* End PBXBuildFile section */

/* Begin PBXFileReference section */
		658A6A081D8BDB1300EDE4F4 /* crashSample.app */ = {isa = PBXFileReference; explicitFileType = wrapper.application; includeInIndex = 0; path = crashSample.app; sourceTree = BUILT_PRODUCTS_DIR; };
		658A6A0C1D8BDB1300EDE4F4 /* main.m */ = {isa = PBXFileReference; lastKnownFileType = sourcecode.c.objc; path = main.m; sourceTree = "<group>"; };
		658A6A0E1D8BDB1300EDE4F4 /* AppDelegate.h */ = {isa = PBXFileReference; lastKnownFileType = sourcecode.c.h; path = AppDelegate.h; sourceTree = "<group>"; };
		658A6A0F1D8BDB1300EDE4F4 /* AppDelegate.m */ = {isa = PBXFileReference; lastKnownFileType = sourcecode.c.objc; path = AppDelegate.m; sourceTree = "<group>"; };
		658A6A111D8BDB1300EDE4F4 /* ViewController.h */ = {isa = PBXFileReference; lastKnownFileType = sourcecode.c.h; path = ViewController.h; sourceTree = "<group>"; };
		658A6A121D8BDB1300EDE4F4 /* ViewController.m */ = {isa = PBXFileReference; lastKnownFileType = sourcecode.c.objc; path = ViewController.m; sourceTree = "<group>"; };
		658A6A151D8BDB1300EDE4F4 /* Base */ = {isa = PBXFileReference; lastKnownFileType = file.storyboard; name = Base; path = Base.lproj/Main.storyboard; sourceTree = "<group>"; };
		658A6A171D8BDB1300EDE4F4 /* Assets.xcassets */ = {isa = PBXFileReference; lastKnownFileType = folder.assetcatalog; path = Assets.xcassets; sourceTree = "<group>"; };
		658A6A1A1D8BDB1300EDE4F4 /* Base */ = {isa = PBXFileReference; lastKnownFileType = file.storyboard; name = Base; path = Base.lproj/LaunchScreen.storyboard; sourceTree = "<group>"; };
		658A6A1C1D8BDB1300EDE4F4 /* Info.plist */ = {isa = PBXFileReference; lastKnownFileType = text.plist.xml; path = Info.plist; sourceTree = "<group>"; };
		6D684C3D38124DC5AFE5F7A5 /* Pods-crashSample.debug.xcconfig */ = {isa = PBXFileReference; includeInIndex = 1; lastKnownFileType = text.xcconfig; name = "Pods-crashSample.debug.xcconfig"; path = "Pods/Target Support Files/Pods-crashSample/Pods-crashSample.debug.xcconfig"; sourceTree = "<group>"; };
		9283B75F69372EA66D3AE401 /* Pods-crashSample.release.xcconfig */ = {isa = PBXFileReference; includeInIndex = 1; lastKnownFileType = text.xcconfig; name = "Pods-crashSample.release.xcconfig"; path = "Pods/Target Support Files/Pods-crashSample/Pods-crashSample.release.xcconfig"; sourceTree = "<group>"; };
		B3E697FAAD2E76BD4709FC63 /* libPods-crashSample.a */ = {isa = PBXFileReference; explicitFileType = archive.ar; includeInIndex = 0; path = "libPods-crashSample.a"; sourceTree = BUILT_PRODUCTS_DIR; };
/* End PBXFileReference section */

/* Begin PBXFrameworksBuildPhase section */
		658A6A051D8BDB1300EDE4F4 /* Frameworks */ = {
			isa = PBXFrameworksBuildPhase;
			buildActionMask = 2147483647;
			files = (
				11FB185FACFD311F8E7F1619 /* libPods-crashSample.a in Frameworks */,
			);
			runOnlyForDeploymentPostprocessing = 0;
		};
/* End PBXFrameworksBuildPhase section */

/* Begin PBXGroup section */
		658A69FF1D8BDB1200EDE4F4 = {
			isa = PBXGroup;
			children = (
				658A6A0A1D8BDB1300EDE4F4 /* crashSample */,
				658A6A091D8BDB1300EDE4F4 /* Products */,
				8907878309DD80B6070F4195 /* Pods */,
				8F3AA91DEE7A97E519995B7B /* Frameworks */,
			);
			sourceTree = "<group>";
		};
		658A6A091D8BDB1300EDE4F4 /* Products */ = {
			isa = PBXGroup;
			children = (
				658A6A081D8BDB1300EDE4F4 /* crashSample.app */,
			);
			name = Products;
			sourceTree = "<group>";
		};
		658A6A0A1D8BDB1300EDE4F4 /* crashSample */ = {
			isa = PBXGroup;
			children = (
				658A6A0E1D8BDB1300EDE4F4 /* AppDelegate.h */,
				658A6A0F1D8BDB1300EDE4F4 /* AppDelegate.m */,
				658A6A111D8BDB1300EDE4F4 /* ViewController.h */,
				658A6A121D8BDB1300EDE4F4 /* ViewController.m */,
				658A6A141D8BDB1300EDE4F4 /* Main.storyboard */,
				658A6A171D8BDB1300EDE4F4 /* Assets.xcassets */,
				658A6A191D8BDB1300EDE4F4 /* LaunchScreen.storyboard */,
				658A6A1C1D8BDB1300EDE4F4 /* Info.plist */,
				658A6A0B1D8BDB1300EDE4F4 /* Supporting Files */,
			);
			path = crashSample;
			sourceTree = "<group>";
		};
		658A6A0B1D8BDB1300EDE4F4 /* Supporting Files */ = {
			isa = PBXGroup;
			children = (
				658A6A0C1D8BDB1300EDE4F4 /* main.m */,
			);
			name = "Supporting Files";
			sourceTree = "<group>";
		};
		8907878309DD80B6070F4195 /* Pods */ = {
			isa = PBXGroup;
			children = (
				6D684C3D38124DC5AFE5F7A5 /* Pods-crashSample.debug.xcconfig */,
				9283B75F69372EA66D3AE401 /* Pods-crashSample.release.xcconfig */,
			);
			name = Pods;
			sourceTree = "<group>";
		};
		8F3AA91DEE7A97E519995B7B /* Frameworks */ = {
			isa = PBXGroup;
			children = (
				B3E697FAAD2E76BD4709FC63 /* libPods-crashSample.a */,
			);
			name = Frameworks;
			sourceTree = "<group>";
		};
/* End PBXGroup section */

/* Begin PBXNativeTarget section */
		658A6A071D8BDB1300EDE4F4 /* crashSample */ = {
			isa = PBXNativeTarget;
			buildConfigurationList = 658A6A1F1D8BDB1300EDE4F4 /* Build configuration list for PBXNativeTarget "crashSample" */;
			buildPhases = (
				3720F486E33E19712ACF5FBC /* Check Pods Manifest.lock */,
				658A6A041D8BDB1300EDE4F4 /* Sources */,
				658A6A051D8BDB1300EDE4F4 /* Frameworks */,
				658A6A061D8BDB1300EDE4F4 /* Resources */,
				F4A566D80F27DF167B0EDB45 /* Embed Pods Frameworks */,
				98EB0DA913FE6621AA4D9CA9 /* Copy Pods Resources */,
				658A6A221D8BE59500EDE4F4 /* ShellScript */,
			);
			buildRules = (
			);
			dependencies = (
			);
			name = crashSample;
			productName = crashSample;
			productReference = 658A6A081D8BDB1300EDE4F4 /* crashSample.app */;
			productType = "com.apple.product-type.application";
		};
/* End PBXNativeTarget section */

/* Begin PBXProject section */
		658A6A001D8BDB1200EDE4F4 /* Project object */ = {
			isa = PBXProject;
			attributes = {
				LastUpgradeCheck = 0730;
				ORGANIZATIONNAME = HAppiestMinds;
				TargetAttributes = {
					658A6A071D8BDB1300EDE4F4 = {
						CreatedOnToolsVersion = 7.3.1;
					};
				};
			};
			buildConfigurationList = 658A6A031D8BDB1300EDE4F4 /* Build configuration list for PBXProject "crashSample" */;
			compatibilityVersion = "Xcode 3.2";
			developmentRegion = English;
			hasScannedForEncodings = 0;
			knownRegions = (
				en,
				Base,
			);
			mainGroup = 658A69FF1D8BDB1200EDE4F4;
			productRefGroup = 658A6A091D8BDB1300EDE4F4 /* Products */;
			projectDirPath = "";
			projectRoot = "";
			targets = (
				658A6A071D8BDB1300EDE4F4 /* crashSample */,
			);
		};
/* End PBXProject section */

/* Begin PBXResourcesBuildPhase section */
		658A6A061D8BDB1300EDE4F4 /* Resources */ = {
			isa = PBXResourcesBuildPhase;
			buildActionMask = 2147483647;
			files = (
				658A6A1B1D8BDB1300EDE4F4 /* LaunchScreen.storyboard in Resources */,
				658A6A181D8BDB1300EDE4F4 /* Assets.xcassets in Resources */,
				658A6A161D8BDB1300EDE4F4 /* Main.storyboard in Resources */,
			);
			runOnlyForDeploymentPostprocessing = 0;
		};
/* End PBXResourcesBuildPhase section */

/* Begin PBXShellScriptBuildPhase section */
		3720F486E33E19712ACF5FBC /* Check Pods Manifest.lock */ = {
			isa = PBXShellScriptBuildPhase;
			buildActionMask = 2147483647;
			files = (
			);
			inputPaths = (
			);
			name = "Check Pods Manifest.lock";
			outputPaths = (
			);
			runOnlyForDeploymentPostprocessing = 0;
			shellPath = /bin/sh;
			shellScript = "diff \"${PODS_ROOT}/../Podfile.lock\" \"${PODS_ROOT}/Manifest.lock\" > /dev/null\nif [[ $? != 0 ]] ; then\n    cat << EOM\nerror: The sandbox is not in sync with the Podfile.lock. Run 'pod install' or update your CocoaPods installation.\nEOM\n    exit 1\nfi\n";
			showEnvVarsInLog = 0;
		};
		658A6A221D8BE59500EDE4F4 /* ShellScript */ = {
			isa = PBXShellScriptBuildPhase;
			buildActionMask = 2147483647;
			files = (
			);
			inputPaths = (
			);
			outputPaths = (
			);
			runOnlyForDeploymentPostprocessing = 0;
			shellPath = /bin/sh;
			shellScript = "\"${PODS_ROOT}/Fabric/run\" c344dd5199ecd89b8e6523520877850b0a012e13 7cee8794165d0bbc11f9e30b82f4941a9544bc6170f49601bee961769bf33839\n";
		};
		98EB0DA913FE6621AA4D9CA9 /* Copy Pods Resources */ = {
			isa = PBXShellScriptBuildPhase;
			buildActionMask = 2147483647;
			files = (
			);
			inputPaths = (
			);
			name = "Copy Pods Resources";
			outputPaths = (
			);
			runOnlyForDeploymentPostprocessing = 0;
			shellPath = /bin/sh;
			shellScript = "\"${SRCROOT}/Pods/Target Support Files/Pods-crashSample/Pods-crashSample-resources.sh\"\n";
			showEnvVarsInLog = 0;
		};
		F4A566D80F27DF167B0EDB45 /* Embed Pods Frameworks */ = {
			isa = PBXShellScriptBuildPhase;
			buildActionMask = 2147483647;
			files = (
			);
			inputPaths = (
			);
			name = "Embed Pods Frameworks";
			outputPaths = (
			);
			runOnlyForDeploymentPostprocessing = 0;
			shellPath = /bin/sh;
			shellScript = "\"${SRCROOT}/Pods/Target Support Files/Pods-crashSample/Pods-crashSample-frameworks.sh\"\n";
			showEnvVarsInLog = 0;
		};
/* End PBXShellScriptBuildPhase section */

/* Begin PBXSourcesBuildPhase section */
		658A6A041D8BDB1300EDE4F4 /* Sources */ = {
			isa = PBXSourcesBuildPhase;
			buildActionMask = 2147483647;
			files = (
				658A6A131D8BDB1300EDE4F4 /* ViewController.m in Sources */,
				658A6A101D8BDB1300EDE4F4 /* AppDelegate.m in Sources */,
				658A6A0D1D8BDB1300EDE4F4 /* main.m in Sources */,
			);
			runOnlyForDeploymentPostprocessing = 0;
		};
/* End PBXSourcesBuildPhase section */

/* Begin PBXVariantGroup section */
		658A6A141D8BDB1300EDE4F4 /* Main.storyboard */ = {
			isa = PBXVariantGroup;
			children = (
				658A6A151D8BDB1300EDE4F4 /* Base */,
			);
			name = Main.storyboard;
			sourceTree = "<group>";
		};
		658A6A191D8BDB1300EDE4F4 /* LaunchScreen.storyboard */ = {
			isa = PBXVariantGroup;
			children = (
				658A6A1A1D8BDB1300EDE4F4 /* Base */,
			);
			name = LaunchScreen.storyboard;
			sourceTree = "<group>";
		};
/* End PBXVariantGroup section */

/* Begin XCBuildConfiguration section */
		658A6A1D1D8BDB1300EDE4F4 /* Debug */ = {
			isa = XCBuildConfiguration;
			buildSettings = {
				ALWAYS_SEARCH_USER_PATHS = NO;
				CLANG_ANALYZER_NONNULL = YES;
				CLANG_CXX_LANGUAGE_STANDARD = "gnu++0x";
				CLANG_CXX_LIBRARY = "libc++";
				CLANG_ENABLE_MODULES = YES;
				CLANG_ENABLE_OBJC_ARC = YES;
				CLANG_WARN_BOOL_CONVERSION = YES;
				CLANG_WARN_CONSTANT_CONVERSION = YES;
				CLANG_WARN_DIRECT_OBJC_ISA_USAGE = YES_ERROR;
				CLANG_WARN_EMPTY_BODY = YES;
				CLANG_WARN_ENUM_CONVERSION = YES;
				CLANG_WARN_INT_CONVERSION = YES;
				CLANG_WARN_OBJC_ROOT_CLASS = YES_ERROR;
				CLANG_WARN_UNREACHABLE_CODE = YES;
				CLANG_WARN__DUPLICATE_METHOD_MATCH = YES;
				"CODE_SIGN_IDENTITY[sdk=iphoneos*]" = "iPhone Developer";
				COPY_PHASE_STRIP = NO;
				DEBUG_INFORMATION_FORMAT = dwarf;
				ENABLE_STRICT_OBJC_MSGSEND = YES;
				ENABLE_TESTABILITY = YES;
				GCC_C_LANGUAGE_STANDARD = gnu99;
				GCC_DYNAMIC_NO_PIC = NO;
				GCC_NO_COMMON_BLOCKS = YES;
				GCC_OPTIMIZATION_LEVEL = 0;
				GCC_PREPROCESSOR_DEFINITIONS = (
					"DEBUG=1",
					"$(inherited)",
				);
				GCC_WARN_64_TO_32_BIT_CONVERSION = YES;
				GCC_WARN_ABOUT_RETURN_TYPE = YES_ERROR;
				GCC_WARN_UNDECLARED_SELECTOR = YES;
				GCC_WARN_UNINITIALIZED_AUTOS = YES_AGGRESSIVE;
				GCC_WARN_UNUSED_FUNCTION = YES;
				GCC_WARN_UNUSED_VARIABLE = YES;
				IPHONEOS_DEPLOYMENT_TARGET = 9.3;
				MTL_ENABLE_DEBUG_INFO = YES;
				ONLY_ACTIVE_ARCH = YES;
				SDKROOT = iphoneos;
			};
			name = Debug;
		};
		658A6A1E1D8BDB1300EDE4F4 /* Release */ = {
			isa = XCBuildConfiguration;
			buildSettings = {
				ALWAYS_SEARCH_USER_PATHS = NO;
				CLANG_ANALYZER_NONNULL = YES;
				CLANG_CXX_LANGUAGE_STANDARD = "gnu++0x";
				CLANG_CXX_LIBRARY = "libc++";
				CLANG_ENABLE_MODULES = YES;
				CLANG_ENABLE_OBJC_ARC = YES;
				CLANG_WARN_BOOL_CONVERSION = YES;
				CLANG_WARN_CONSTANT_CONVERSION = YES;
				CLANG_WARN_DIRECT_OBJC_ISA_USAGE = YES_ERROR;
				CLANG_WARN_EMPTY_BODY = YES;
				CLANG_WARN_ENUM_CONVERSION = YES;
				CLANG_WARN_INT_CONVERSION = YES;
				CLANG_WARN_OBJC_ROOT_CLASS = YES_ERROR;
				CLANG_WARN_UNREACHABLE_CODE = YES;
				CLANG_WARN__DUPLICATE_METHOD_MATCH = YES;
				"CODE_SIGN_IDENTITY[sdk=iphoneos*]" = "iPhone Developer";
				COPY_PHASE_STRIP = NO;
				DEBUG_INFORMATION_FORMAT = "dwarf-with-dsym";
				ENABLE_NS_ASSERTIONS = NO;
				ENABLE_STRICT_OBJC_MSGSEND = YES;
				GCC_C_LANGUAGE_STANDARD = gnu99;
				GCC_NO_COMMON_BLOCKS = YES;
				GCC_WARN_64_TO_32_BIT_CONVERSION = YES;
				GCC_WARN_ABOUT_RETURN_TYPE = YES_ERROR;
				GCC_WARN_UNDECLARED_SELECTOR = YES;
				GCC_WARN_UNINITIALIZED_AUTOS = YES_AGGRESSIVE;
				GCC_WARN_UNUSED_FUNCTION = YES;
				GCC_WARN_UNUSED_VARIABLE = YES;
				IPHONEOS_DEPLOYMENT_TARGET = 9.3;
				MTL_ENABLE_DEBUG_INFO = NO;
				SDKROOT = iphoneos;
				VALIDATE_PRODUCT = YES;
			};
			name = Release;
		};
		658A6A201D8BDB1300EDE4F4 /* Debug */ = {
			isa = XCBuildConfiguration;
			baseConfigurationReference = 6D684C3D38124DC5AFE5F7A5 /* Pods-crashSample.debug.xcconfig */;
			buildSettings = {
				ASSETCATALOG_COMPILER_APPICON_NAME = AppIcon;
				DEBUG_INFORMATION_FORMAT = "dwarf-with-dsym";
				INFOPLIST_FILE = crashSample/Info.plist;
				LD_RUNPATH_SEARCH_PATHS = "$(inherited) @executable_path/Frameworks";
				PRODUCT_BUNDLE_IDENTIFIER = com.happiest.crashSample;
				PRODUCT_NAME = "$(TARGET_NAME)";
			};
			name = Debug;
		};
		658A6A211D8BDB1300EDE4F4 /* Release */ = {
			isa = XCBuildConfiguration;
			baseConfigurationReference = 9283B75F69372EA66D3AE401 /* Pods-crashSample.release.xcconfig */;
			buildSettings = {
				ASSETCATALOG_COMPILER_APPICON_NAME = AppIcon;
				INFOPLIST_FILE = crashSample/Info.plist;
				LD_RUNPATH_SEARCH_PATHS = "$(inherited) @executable_path/Frameworks";
				PRODUCT_BUNDLE_IDENTIFIER = com.happiest.crashSample;
				PRODUCT_NAME = "$(TARGET_NAME)";
			};
			name = Release;
		};
/* End XCBuildConfiguration section */

/* Begin XCConfigurationList section */
		658A6A031D8BDB1300EDE4F4 /* Build configuration list for PBXProject "crashSample" */ = {
			isa = XCConfigurationList;
			buildConfigurations = (
				658A6A1D1D8BDB1300EDE4F4 /* Debug */,
				658A6A1E1D8BDB1300EDE4F4 /* Release */,
			);
			defaultConfigurationIsVisible = 0;
			defaultConfigurationName = Release;
		};
		658A6A1F1D8BDB1300EDE4F4 /* Build configuration list for PBXNativeTarget "crashSample" */ = {
			isa = XCConfigurationList;
			buildConfigurations = (
				658A6A201D8BDB1300EDE4F4 /* Debug */,
				658A6A211D8BDB1300EDE4F4 /* Release */,
			);
			defaultConfigurationIsVisible = 0;
			defaultConfigurationName = Release;
		};
/* End XCConfigurationList section */
	};
	rootObject = 658A6A001D8BDB1200EDE4F4 /* Project object */;
}
